// !$*UTF8*$!
{
	archiveVersion = 1;
	classes = {
	};
	objectVersion = 55;
	objects = {

/* Begin PBXBuildFile section */
		8A183A8B292D6A0100718CCF /* String.swift in Sources */ = {isa = PBXBuildFile; fileRef = 8A183A8A292D6A0100718CCF /* String.swift */; };
		8A26D12C2A19E5490047CBB3 /* NetworkComponents.swift in Sources */ = {isa = PBXBuildFile; fileRef = 8A26D12B2A19E5490047CBB3 /* NetworkComponents.swift */; };
		8A26D12E2A19E6A50047CBB3 /* NetworkClient.swift in Sources */ = {isa = PBXBuildFile; fileRef = 8A26D12D2A19E6A50047CBB3 /* NetworkClient.swift */; };
		8A2B6188291BF855004C3440 /* PreviewProvider.swift in Sources */ = {isa = PBXBuildFile; fileRef = 8A2B6187291BF855004C3440 /* PreviewProvider.swift */; };
		8A2B618B291BFB76004C3440 /* Kingfisher in Frameworks */ = {isa = PBXBuildFile; productRef = 8A2B618A291BFB76004C3440 /* Kingfisher */; };
		8A2B618F291C488D004C3440 /* MainTabView.swift in Sources */ = {isa = PBXBuildFile; fileRef = 8A2B618E291C488D004C3440 /* MainTabView.swift */; };
		8A2B6191291C4947004C3440 /* Episodes.swift in Sources */ = {isa = PBXBuildFile; fileRef = 8A2B6190291C4947004C3440 /* Episodes.swift */; };
		8A2B6195291C4BE6004C3440 /* Locations.swift in Sources */ = {isa = PBXBuildFile; fileRef = 8A2B6194291C4BE6004C3440 /* Locations.swift */; };
		8A3B8663291795DD00F5B3A6 /* CharacterCard.swift in Sources */ = {isa = PBXBuildFile; fileRef = 8A3B8662291795DC00F5B3A6 /* CharacterCard.swift */; };
		8A6437E3290D558D004A0DBA /* RickAndMortySwiftUIApp.swift in Sources */ = {isa = PBXBuildFile; fileRef = 8A6437E2290D558D004A0DBA /* RickAndMortySwiftUIApp.swift */; };
		8A6437E7290D558E004A0DBA /* Assets.xcassets in Resources */ = {isa = PBXBuildFile; fileRef = 8A6437E6290D558E004A0DBA /* Assets.xcassets */; };
		8A6437EA290D558E004A0DBA /* Preview Assets.xcassets in Resources */ = {isa = PBXBuildFile; fileRef = 8A6437E9290D558E004A0DBA /* Preview Assets.xcassets */; };
		8A6437F9290D59E4004A0DBA /* RequestModel.swift in Sources */ = {isa = PBXBuildFile; fileRef = 8A6437F8290D59E4004A0DBA /* RequestModel.swift */; };
		8A643804290D5AE4004A0DBA /* Endpoint.swift in Sources */ = {isa = PBXBuildFile; fileRef = 8A643803290D5AE4004A0DBA /* Endpoint.swift */; };
		8A643806290D5B08004A0DBA /* NetworkError.swift in Sources */ = {isa = PBXBuildFile; fileRef = 8A643805290D5B08004A0DBA /* NetworkError.swift */; };
		8A64380F290DB68F004A0DBA /* Request.swift in Sources */ = {isa = PBXBuildFile; fileRef = 8A64380E290DB68F004A0DBA /* Request.swift */; };
		8A643811290DB6D9004A0DBA /* CategoryHomeRequest.swift in Sources */ = {isa = PBXBuildFile; fileRef = 8A643810290DB6D9004A0DBA /* CategoryHomeRequest.swift */; };
		8A643813290DB7ED004A0DBA /* Characters.swift in Sources */ = {isa = PBXBuildFile; fileRef = 8A643812290DB7ED004A0DBA /* Characters.swift */; };
		8A643815290DB808004A0DBA /* CharactersViewModel.swift in Sources */ = {isa = PBXBuildFile; fileRef = 8A643814290DB808004A0DBA /* CharactersViewModel.swift */; };
		8A643819290DB8DA004A0DBA /* WelcomeResponse.swift in Sources */ = {isa = PBXBuildFile; fileRef = 8A643818290DB8DA004A0DBA /* WelcomeResponse.swift */; };
		8A64381B290DB9E1004A0DBA /* Service.swift in Sources */ = {isa = PBXBuildFile; fileRef = 8A64381A290DB9E1004A0DBA /* Service.swift */; };
		8A816DC7292427E0008EF62B /* EpisodesViewModel.swift in Sources */ = {isa = PBXBuildFile; fileRef = 8A816DC6292427E0008EF62B /* EpisodesViewModel.swift */; };
		8A816DCB292427FE008EF62B /* EpisodeCard.swift in Sources */ = {isa = PBXBuildFile; fileRef = 8A816DCA292427FE008EF62B /* EpisodeCard.swift */; };
		8A816DCD29242E75008EF62B /* EpisodeResponse.swift in Sources */ = {isa = PBXBuildFile; fileRef = 8A816DCC29242E75008EF62B /* EpisodeResponse.swift */; };
		8A8EAAE12920D0F400E614D7 /* PaginationRequest.swift in Sources */ = {isa = PBXBuildFile; fileRef = 8A8EAAE02920D0F400E614D7 /* PaginationRequest.swift */; };
		8A9C5B042A19505E007A558D /* FilterMenu.swift in Sources */ = {isa = PBXBuildFile; fileRef = 8A9C5B032A19505E007A558D /* FilterMenu.swift */; };
		8AD9653C29EC069E00315F28 /* LocationsViewModel.swift in Sources */ = {isa = PBXBuildFile; fileRef = 8AD9653B29EC069E00315F28 /* LocationsViewModel.swift */; };
		8AD9653E29EC06B000315F28 /* LocationCard.swift in Sources */ = {isa = PBXBuildFile; fileRef = 8AD9653D29EC06B000315F28 /* LocationCard.swift */; };
		8AD9654029EC091E00315F28 /* LocationsResponse.swift in Sources */ = {isa = PBXBuildFile; fileRef = 8AD9653F29EC091E00315F28 /* LocationsResponse.swift */; };
		8AD9654229EC0A3100315F28 /* ViewState.swift in Sources */ = {isa = PBXBuildFile; fileRef = 8AD9654129EC0A3100315F28 /* ViewState.swift */; };
		8AF563DA293E3E6C00EE97E7 /* EpisodeWidget.swift in Sources */ = {isa = PBXBuildFile; fileRef = 8AF563D9293E3E6C00EE97E7 /* EpisodeWidget.swift */; };
/* End PBXBuildFile section */

/* Begin PBXFileReference section */
		8A183A8A292D6A0100718CCF /* String.swift */ = {isa = PBXFileReference; lastKnownFileType = sourcecode.swift; path = String.swift; sourceTree = "<group>"; };
		8A26D12B2A19E5490047CBB3 /* NetworkComponents.swift */ = {isa = PBXFileReference; lastKnownFileType = sourcecode.swift; path = NetworkComponents.swift; sourceTree = "<group>"; };
		8A26D12D2A19E6A50047CBB3 /* NetworkClient.swift */ = {isa = PBXFileReference; lastKnownFileType = sourcecode.swift; path = NetworkClient.swift; sourceTree = "<group>"; };
		8A2B6187291BF855004C3440 /* PreviewProvider.swift */ = {isa = PBXFileReference; lastKnownFileType = sourcecode.swift; path = PreviewProvider.swift; sourceTree = "<group>"; };
		8A2B618E291C488D004C3440 /* MainTabView.swift */ = {isa = PBXFileReference; lastKnownFileType = sourcecode.swift; path = MainTabView.swift; sourceTree = "<group>"; };
		8A2B6190291C4947004C3440 /* Episodes.swift */ = {isa = PBXFileReference; lastKnownFileType = sourcecode.swift; path = Episodes.swift; sourceTree = "<group>"; };
		8A2B6194291C4BE6004C3440 /* Locations.swift */ = {isa = PBXFileReference; lastKnownFileType = sourcecode.swift; path = Locations.swift; sourceTree = "<group>"; };
		8A3B8662291795DC00F5B3A6 /* CharacterCard.swift */ = {isa = PBXFileReference; lastKnownFileType = sourcecode.swift; path = CharacterCard.swift; sourceTree = "<group>"; };
		8A6437DF290D558D004A0DBA /* RickAndMortySwiftUI.app */ = {isa = PBXFileReference; explicitFileType = wrapper.application; includeInIndex = 0; path = RickAndMortySwiftUI.app; sourceTree = BUILT_PRODUCTS_DIR; };
		8A6437E2290D558D004A0DBA /* RickAndMortySwiftUIApp.swift */ = {isa = PBXFileReference; lastKnownFileType = sourcecode.swift; path = RickAndMortySwiftUIApp.swift; sourceTree = "<group>"; };
		8A6437E6290D558E004A0DBA /* Assets.xcassets */ = {isa = PBXFileReference; lastKnownFileType = folder.assetcatalog; path = Assets.xcassets; sourceTree = "<group>"; };
		8A6437E9290D558E004A0DBA /* Preview Assets.xcassets */ = {isa = PBXFileReference; lastKnownFileType = folder.assetcatalog; path = "Preview Assets.xcassets"; sourceTree = "<group>"; };
		8A6437F8290D59E4004A0DBA /* RequestModel.swift */ = {isa = PBXFileReference; lastKnownFileType = sourcecode.swift; path = RequestModel.swift; sourceTree = "<group>"; };
		8A643803290D5AE4004A0DBA /* Endpoint.swift */ = {isa = PBXFileReference; lastKnownFileType = sourcecode.swift; path = Endpoint.swift; sourceTree = "<group>"; };
		8A643805290D5B08004A0DBA /* NetworkError.swift */ = {isa = PBXFileReference; lastKnownFileType = sourcecode.swift; path = NetworkError.swift; sourceTree = "<group>"; };
		8A64380E290DB68F004A0DBA /* Request.swift */ = {isa = PBXFileReference; lastKnownFileType = sourcecode.swift; path = Request.swift; sourceTree = "<group>"; };
		8A643810290DB6D9004A0DBA /* CategoryHomeRequest.swift */ = {isa = PBXFileReference; lastKnownFileType = sourcecode.swift; path = CategoryHomeRequest.swift; sourceTree = "<group>"; };
		8A643812290DB7ED004A0DBA /* Characters.swift */ = {isa = PBXFileReference; lastKnownFileType = sourcecode.swift; path = Characters.swift; sourceTree = "<group>"; };
		8A643814290DB808004A0DBA /* CharactersViewModel.swift */ = {isa = PBXFileReference; lastKnownFileType = sourcecode.swift; path = CharactersViewModel.swift; sourceTree = "<group>"; };
		8A643818290DB8DA004A0DBA /* WelcomeResponse.swift */ = {isa = PBXFileReference; lastKnownFileType = sourcecode.swift; path = WelcomeResponse.swift; sourceTree = "<group>"; };
		8A64381A290DB9E1004A0DBA /* Service.swift */ = {isa = PBXFileReference; lastKnownFileType = sourcecode.swift; path = Service.swift; sourceTree = "<group>"; };
		8A816DC6292427E0008EF62B /* EpisodesViewModel.swift */ = {isa = PBXFileReference; lastKnownFileType = sourcecode.swift; path = EpisodesViewModel.swift; sourceTree = "<group>"; };
		8A816DCA292427FE008EF62B /* EpisodeCard.swift */ = {isa = PBXFileReference; lastKnownFileType = sourcecode.swift; path = EpisodeCard.swift; sourceTree = "<group>"; };
		8A816DCC29242E75008EF62B /* EpisodeResponse.swift */ = {isa = PBXFileReference; lastKnownFileType = sourcecode.swift; path = EpisodeResponse.swift; sourceTree = "<group>"; };
		8A8EAAE02920D0F400E614D7 /* PaginationRequest.swift */ = {isa = PBXFileReference; lastKnownFileType = sourcecode.swift; path = PaginationRequest.swift; sourceTree = "<group>"; };
		8A9C5B032A19505E007A558D /* FilterMenu.swift */ = {isa = PBXFileReference; lastKnownFileType = sourcecode.swift; path = FilterMenu.swift; sourceTree = "<group>"; };
		8AD9653B29EC069E00315F28 /* LocationsViewModel.swift */ = {isa = PBXFileReference; lastKnownFileType = sourcecode.swift; path = LocationsViewModel.swift; sourceTree = "<group>"; };
		8AD9653D29EC06B000315F28 /* LocationCard.swift */ = {isa = PBXFileReference; lastKnownFileType = sourcecode.swift; path = LocationCard.swift; sourceTree = "<group>"; };
		8AD9653F29EC091E00315F28 /* LocationsResponse.swift */ = {isa = PBXFileReference; lastKnownFileType = sourcecode.swift; path = LocationsResponse.swift; sourceTree = "<group>"; };
		8AD9654129EC0A3100315F28 /* ViewState.swift */ = {isa = PBXFileReference; lastKnownFileType = sourcecode.swift; path = ViewState.swift; sourceTree = "<group>"; };
		8AF563D9293E3E6C00EE97E7 /* EpisodeWidget.swift */ = {isa = PBXFileReference; lastKnownFileType = sourcecode.swift; path = EpisodeWidget.swift; sourceTree = "<group>"; };
/* End PBXFileReference section */

/* Begin PBXFrameworksBuildPhase section */
		8A6437DC290D558D004A0DBA /* Frameworks */ = {
			isa = PBXFrameworksBuildPhase;
			buildActionMask = 2147483647;
			files = (
				8A2B618B291BFB76004C3440 /* Kingfisher in Frameworks */,
			);
			runOnlyForDeploymentPostprocessing = 0;
		};
/* End PBXFrameworksBuildPhase section */

/* Begin PBXGroup section */
		8A2B6186291BF843004C3440 /* Extensions */ = {
			isa = PBXGroup;
			children = (
				8A2B6187291BF855004C3440 /* PreviewProvider.swift */,
				8A183A8A292D6A0100718CCF /* String.swift */,
			);
			path = Extensions;
			sourceTree = "<group>";
		};
		8A6437D6290D558D004A0DBA = {
			isa = PBXGroup;
			children = (
				8A6437E1290D558D004A0DBA /* RickAndMortySwiftUI */,
				8A6437E0290D558D004A0DBA /* Products */,
			);
			sourceTree = "<group>";
		};
		8A6437E0290D558D004A0DBA /* Products */ = {
			isa = PBXGroup;
			children = (
				8A6437DF290D558D004A0DBA /* RickAndMortySwiftUI.app */,
			);
			name = Products;
			sourceTree = "<group>";
		};
		8A6437E1290D558D004A0DBA /* RickAndMortySwiftUI */ = {
			isa = PBXGroup;
			children = (
				8A9C5B052A1968D2007A558D /* Scenes */,
				8AD9654329EC0A3900315F28 /* Utility */,
				8A2B6186291BF843004C3440 /* Extensions */,
				8A643817290DB8C3004A0DBA /* Model */,
				8A6437F0290D5930004A0DBA /* Network */,
				8A6437E8290D558E004A0DBA /* Preview Content */,
				8A6437E2290D558D004A0DBA /* RickAndMortySwiftUIApp.swift */,
				8A6437E6290D558E004A0DBA /* Assets.xcassets */,
			);
			path = RickAndMortySwiftUI;
			sourceTree = "<group>";
		};
		8A6437E8290D558E004A0DBA /* Preview Content */ = {
			isa = PBXGroup;
			children = (
				8A6437E9290D558E004A0DBA /* Preview Assets.xcassets */,
			);
			path = "Preview Content";
			sourceTree = "<group>";
		};
		8A6437F0290D5930004A0DBA /* Network */ = {
			isa = PBXGroup;
			children = (
				8A64381A290DB9E1004A0DBA /* Service.swift */,
				8A26D12B2A19E5490047CBB3 /* NetworkComponents.swift */,
				8A643803290D5AE4004A0DBA /* Endpoint.swift */,
				8A643805290D5B08004A0DBA /* NetworkError.swift */,
				8A26D12D2A19E6A50047CBB3 /* NetworkClient.swift */,
				8A64380D290DB685004A0DBA /* Request */,
			);
			path = Network;
			sourceTree = "<group>";
		};
		8A64380D290DB685004A0DBA /* Request */ = {
			isa = PBXGroup;
			children = (
				8A6437F8290D59E4004A0DBA /* RequestModel.swift */,
				8A64380E290DB68F004A0DBA /* Request.swift */,
				8A643810290DB6D9004A0DBA /* CategoryHomeRequest.swift */,
				8A8EAAE02920D0F400E614D7 /* PaginationRequest.swift */,
			);
			path = Request;
			sourceTree = "<group>";
		};
		8A643816290DB816004A0DBA /* Characters */ = {
			isa = PBXGroup;
			children = (
				8A643812290DB7ED004A0DBA /* Characters.swift */,
				8A643814290DB808004A0DBA /* CharactersViewModel.swift */,
				8A3B8662291795DC00F5B3A6 /* CharacterCard.swift */,
			);
			path = Characters;
			sourceTree = "<group>";
		};
		8A643817290DB8C3004A0DBA /* Model */ = {
			isa = PBXGroup;
			children = (
				8A643818290DB8DA004A0DBA /* WelcomeResponse.swift */,
				8A816DCC29242E75008EF62B /* EpisodeResponse.swift */,
				8AD9653F29EC091E00315F28 /* LocationsResponse.swift */,
			);
			path = Model;
			sourceTree = "<group>";
		};
		8A816DC5292427C9008EF62B /* Episodes */ = {
			isa = PBXGroup;
			children = (
				8A2B6190291C4947004C3440 /* Episodes.swift */,
				8A816DC6292427E0008EF62B /* EpisodesViewModel.swift */,
				8A816DCA292427FE008EF62B /* EpisodeCard.swift */,
				8AF563D9293E3E6C00EE97E7 /* EpisodeWidget.swift */,
			);
			path = Episodes;
			sourceTree = "<group>";
		};
		8A9C5B052A1968D2007A558D /* Scenes */ = {
			isa = PBXGroup;
			children = (
				8A2B618E291C488D004C3440 /* MainTabView.swift */,
				8A643816290DB816004A0DBA /* Characters */,
				8A816DC5292427C9008EF62B /* Episodes */,
				8AD9653A29EC068E00315F28 /* Locations */,
			);
			path = Scenes;
			sourceTree = "<group>";
		};
		8AD9653A29EC068E00315F28 /* Locations */ = {
			isa = PBXGroup;
			children = (
				8A2B6194291C4BE6004C3440 /* Locations.swift */,
				8AD9653B29EC069E00315F28 /* LocationsViewModel.swift */,
				8AD9653D29EC06B000315F28 /* LocationCard.swift */,
			);
			path = Locations;
			sourceTree = "<group>";
		};
		8AD9654329EC0A3900315F28 /* Utility */ = {
			isa = PBXGroup;
			children = (
				8AD9654129EC0A3100315F28 /* ViewState.swift */,
				8A9C5B032A19505E007A558D /* FilterMenu.swift */,
			);
			path = Utility;
			sourceTree = "<group>";
		};
/* End PBXGroup section */

/* Begin PBXNativeTarget section */
		8A6437DE290D558D004A0DBA /* RickAndMortySwiftUI */ = {
			isa = PBXNativeTarget;
			buildConfigurationList = 8A6437ED290D558E004A0DBA /* Build configuration list for PBXNativeTarget "RickAndMortySwiftUI" */;
			buildPhases = (
				8A6437DB290D558D004A0DBA /* Sources */,
				8A6437DC290D558D004A0DBA /* Frameworks */,
				8A6437DD290D558D004A0DBA /* Resources */,
			);
			buildRules = (
			);
			dependencies = (
			);
			name = RickAndMortySwiftUI;
			packageProductDependencies = (
				8A2B618A291BFB76004C3440 /* Kingfisher */,
			);
			productName = RickAndMortySwiftUI;
			productReference = 8A6437DF290D558D004A0DBA /* RickAndMortySwiftUI.app */;
			productType = "com.apple.product-type.application";
		};
/* End PBXNativeTarget section */

/* Begin PBXProject section */
		8A6437D7290D558D004A0DBA /* Project object */ = {
			isa = PBXProject;
			attributes = {
				BuildIndependentTargetsInParallel = 1;
				LastSwiftUpdateCheck = 1340;
				LastUpgradeCheck = 1340;
				TargetAttributes = {
					8A6437DE290D558D004A0DBA = {
						CreatedOnToolsVersion = 13.4.1;
					};
				};
			};
			buildConfigurationList = 8A6437DA290D558D004A0DBA /* Build configuration list for PBXProject "RickAndMortySwiftUI" */;
			compatibilityVersion = "Xcode 13.0";
			developmentRegion = en;
			hasScannedForEncodings = 0;
			knownRegions = (
				en,
				Base,
			);
			mainGroup = 8A6437D6290D558D004A0DBA;
			packageReferences = (
				8A2B6189291BFB76004C3440 /* XCRemoteSwiftPackageReference "Kingfisher" */,
			);
			productRefGroup = 8A6437E0290D558D004A0DBA /* Products */;
			projectDirPath = "";
			projectRoot = "";
			targets = (
				8A6437DE290D558D004A0DBA /* RickAndMortySwiftUI */,
			);
		};
/* End PBXProject section */

/* Begin PBXResourcesBuildPhase section */
		8A6437DD290D558D004A0DBA /* Resources */ = {
			isa = PBXResourcesBuildPhase;
			buildActionMask = 2147483647;
			files = (
				8A6437EA290D558E004A0DBA /* Preview Assets.xcassets in Resources */,
				8A6437E7290D558E004A0DBA /* Assets.xcassets in Resources */,
			);
			runOnlyForDeploymentPostprocessing = 0;
		};
/* End PBXResourcesBuildPhase section */

/* Begin PBXSourcesBuildPhase section */
		8A6437DB290D558D004A0DBA /* Sources */ = {
			isa = PBXSourcesBuildPhase;
			buildActionMask = 2147483647;
			files = (
				8A643815290DB808004A0DBA /* CharactersViewModel.swift in Sources */,
				8A6437F9290D59E4004A0DBA /* RequestModel.swift in Sources */,
				8AD9653E29EC06B000315F28 /* LocationCard.swift in Sources */,
				8A643811290DB6D9004A0DBA /* CategoryHomeRequest.swift in Sources */,
				8A2B618F291C488D004C3440 /* MainTabView.swift in Sources */,
				8A2B6195291C4BE6004C3440 /* Locations.swift in Sources */,
				8AD9654229EC0A3100315F28 /* ViewState.swift in Sources */,
				8A3B8663291795DD00F5B3A6 /* CharacterCard.swift in Sources */,
				8A9C5B042A19505E007A558D /* FilterMenu.swift in Sources */,
				8A6437E3290D558D004A0DBA /* RickAndMortySwiftUIApp.swift in Sources */,
				8A8EAAE12920D0F400E614D7 /* PaginationRequest.swift in Sources */,
				8A26D12E2A19E6A50047CBB3 /* NetworkClient.swift in Sources */,
				8A816DC7292427E0008EF62B /* EpisodesViewModel.swift in Sources */,
				8A26D12C2A19E5490047CBB3 /* NetworkComponents.swift in Sources */,
				8A183A8B292D6A0100718CCF /* String.swift in Sources */,
				8A643813290DB7ED004A0DBA /* Characters.swift in Sources */,
				8A64380F290DB68F004A0DBA /* Request.swift in Sources */,
				8AF563DA293E3E6C00EE97E7 /* EpisodeWidget.swift in Sources */,
				8A2B6191291C4947004C3440 /* Episodes.swift in Sources */,
				8A816DCB292427FE008EF62B /* EpisodeCard.swift in Sources */,
				8AD9653C29EC069E00315F28 /* LocationsViewModel.swift in Sources */,
				8A816DCD29242E75008EF62B /* EpisodeResponse.swift in Sources */,
				8A643806290D5B08004A0DBA /* NetworkError.swift in Sources */,
				8A643819290DB8DA004A0DBA /* WelcomeResponse.swift in Sources */,
				8A64381B290DB9E1004A0DBA /* Service.swift in Sources */,
				8A643804290D5AE4004A0DBA /* Endpoint.swift in Sources */,
				8A2B6188291BF855004C3440 /* PreviewProvider.swift in Sources */,
				8AD9654029EC091E00315F28 /* LocationsResponse.swift in Sources */,
			);
			runOnlyForDeploymentPostprocessing = 0;
		};
/* End PBXSourcesBuildPhase section */

/* Begin XCBuildConfiguration section */
		8A6437EB290D558E004A0DBA /* Debug */ = {
			isa = XCBuildConfiguration;
			buildSettings = {
				ALWAYS_SEARCH_USER_PATHS = NO;
				CLANG_ANALYZER_NONNULL = YES;
				CLANG_ANALYZER_NUMBER_OBJECT_CONVERSION = YES_AGGRESSIVE;
				CLANG_CXX_LANGUAGE_STANDARD = "gnu++17";
				CLANG_ENABLE_MODULES = YES;
				CLANG_ENABLE_OBJC_ARC = YES;
				CLANG_ENABLE_OBJC_WEAK = YES;
				CLANG_WARN_BLOCK_CAPTURE_AUTORELEASING = YES;
				CLANG_WARN_BOOL_CONVERSION = YES;
				CLANG_WARN_COMMA = YES;
				CLANG_WARN_CONSTANT_CONVERSION = YES;
				CLANG_WARN_DEPRECATED_OBJC_IMPLEMENTATIONS = YES;
				CLANG_WARN_DIRECT_OBJC_ISA_USAGE = YES_ERROR;
				CLANG_WARN_DOCUMENTATION_COMMENTS = YES;
				CLANG_WARN_EMPTY_BODY = YES;
				CLANG_WARN_ENUM_CONVERSION = YES;
				CLANG_WARN_INFINITE_RECURSION = YES;
				CLANG_WARN_INT_CONVERSION = YES;
				CLANG_WARN_NON_LITERAL_NULL_CONVERSION = YES;
				CLANG_WARN_OBJC_IMPLICIT_RETAIN_SELF = YES;
				CLANG_WARN_OBJC_LITERAL_CONVERSION = YES;
				CLANG_WARN_OBJC_ROOT_CLASS = YES_ERROR;
				CLANG_WARN_QUOTED_INCLUDE_IN_FRAMEWORK_HEADER = YES;
				CLANG_WARN_RANGE_LOOP_ANALYSIS = YES;
				CLANG_WARN_STRICT_PROTOTYPES = YES;
				CLANG_WARN_SUSPICIOUS_MOVE = YES;
				CLANG_WARN_UNGUARDED_AVAILABILITY = YES_AGGRESSIVE;
				CLANG_WARN_UNREACHABLE_CODE = YES;
				CLANG_WARN__DUPLICATE_METHOD_MATCH = YES;
				COPY_PHASE_STRIP = NO;
				DEBUG_INFORMATION_FORMAT = dwarf;
				ENABLE_STRICT_OBJC_MSGSEND = YES;
				ENABLE_TESTABILITY = YES;
				GCC_C_LANGUAGE_STANDARD = gnu11;
				GCC_DYNAMIC_NO_PIC = NO;
				GCC_NO_COMMON_BLOCKS = YES;
				GCC_OPTIMIZATION_LEVEL = 0;
				GCC_PREPROCESSOR_DEFINITIONS = (
					"DEBUG=1",
					"$(inherited)",
				);
				GCC_WARN_64_TO_32_BIT_CONVERSION = YES;
				GCC_WARN_ABOUT_RETURN_TYPE = YES_ERROR;
				GCC_WARN_UNDECLARED_SELECTOR = YES;
				GCC_WARN_UNINITIALIZED_AUTOS = YES_AGGRESSIVE;
				GCC_WARN_UNUSED_FUNCTION = YES;
				GCC_WARN_UNUSED_VARIABLE = YES;
				IPHONEOS_DEPLOYMENT_TARGET = 16.0;
				MTL_ENABLE_DEBUG_INFO = INCLUDE_SOURCE;
				MTL_FAST_MATH = YES;
				ONLY_ACTIVE_ARCH = YES;
				SDKROOT = iphoneos;
				SWIFT_ACTIVE_COMPILATION_CONDITIONS = DEBUG;
				SWIFT_OPTIMIZATION_LEVEL = "-Onone";
			};
			name = Debug;
		};
		8A6437EC290D558E004A0DBA /* Release */ = {
			isa = XCBuildConfiguration;
			buildSettings = {
				ALWAYS_SEARCH_USER_PATHS = NO;
				CLANG_ANALYZER_NONNULL = YES;
				CLANG_ANALYZER_NUMBER_OBJECT_CONVERSION = YES_AGGRESSIVE;
				CLANG_CXX_LANGUAGE_STANDARD = "gnu++17";
				CLANG_ENABLE_MODULES = YES;
				CLANG_ENABLE_OBJC_ARC = YES;
				CLANG_ENABLE_OBJC_WEAK = YES;
				CLANG_WARN_BLOCK_CAPTURE_AUTORELEASING = YES;
				CLANG_WARN_BOOL_CONVERSION = YES;
				CLANG_WARN_COMMA = YES;
				CLANG_WARN_CONSTANT_CONVERSION = YES;
				CLANG_WARN_DEPRECATED_OBJC_IMPLEMENTATIONS = YES;
				CLANG_WARN_DIRECT_OBJC_ISA_USAGE = YES_ERROR;
				CLANG_WARN_DOCUMENTATION_COMMENTS = YES;
				CLANG_WARN_EMPTY_BODY = YES;
				CLANG_WARN_ENUM_CONVERSION = YES;
				CLANG_WARN_INFINITE_RECURSION = YES;
				CLANG_WARN_INT_CONVERSION = YES;
				CLANG_WARN_NON_LITERAL_NULL_CONVERSION = YES;
				CLANG_WARN_OBJC_IMPLICIT_RETAIN_SELF = YES;
				CLANG_WARN_OBJC_LITERAL_CONVERSION = YES;
				CLANG_WARN_OBJC_ROOT_CLASS = YES_ERROR;
				CLANG_WARN_QUOTED_INCLUDE_IN_FRAMEWORK_HEADER = YES;
				CLANG_WARN_RANGE_LOOP_ANALYSIS = YES;
				CLANG_WARN_STRICT_PROTOTYPES = YES;
				CLANG_WARN_SUSPICIOUS_MOVE = YES;
				CLANG_WARN_UNGUARDED_AVAILABILITY = YES_AGGRESSIVE;
				CLANG_WARN_UNREACHABLE_CODE = YES;
				CLANG_WARN__DUPLICATE_METHOD_MATCH = YES;
				COPY_PHASE_STRIP = NO;
				DEBUG_INFORMATION_FORMAT = "dwarf-with-dsym";
				ENABLE_NS_ASSERTIONS = NO;
				ENABLE_STRICT_OBJC_MSGSEND = YES;
				GCC_C_LANGUAGE_STANDARD = gnu11;
				GCC_NO_COMMON_BLOCKS = YES;
				GCC_WARN_64_TO_32_BIT_CONVERSION = YES;
				GCC_WARN_ABOUT_RETURN_TYPE = YES_ERROR;
				GCC_WARN_UNDECLARED_SELECTOR = YES;
				GCC_WARN_UNINITIALIZED_AUTOS = YES_AGGRESSIVE;
				GCC_WARN_UNUSED_FUNCTION = YES;
				GCC_WARN_UNUSED_VARIABLE = YES;
				IPHONEOS_DEPLOYMENT_TARGET = 16.0;
				MTL_ENABLE_DEBUG_INFO = NO;
				MTL_FAST_MATH = YES;
				SDKROOT = iphoneos;
				SWIFT_COMPILATION_MODE = wholemodule;
				SWIFT_OPTIMIZATION_LEVEL = "-O";
				VALIDATE_PRODUCT = YES;
			};
			name = Release;
		};
		8A6437EE290D558E004A0DBA /* Debug */ = {
			isa = XCBuildConfiguration;
			buildSettings = {
				ASSETCATALOG_COMPILER_APPICON_NAME = AppIcon;
				ASSETCATALOG_COMPILER_GLOBAL_ACCENT_COLOR_NAME = AccentColor;
				CODE_SIGN_STYLE = Automatic;
				CURRENT_PROJECT_VERSION = 1;
				DEVELOPMENT_ASSET_PATHS = "\"RickAndMortySwiftUI/Preview Content\"";
				DEVELOPMENT_TEAM = 3F53E5RFPT;
				ENABLE_PREVIEWS = YES;
				GENERATE_INFOPLIST_FILE = YES;
				INFOPLIST_KEY_UIApplicationSceneManifest_Generation = YES;
				INFOPLIST_KEY_UIApplicationSupportsIndirectInputEvents = YES;
				INFOPLIST_KEY_UILaunchScreen_Generation = YES;
				INFOPLIST_KEY_UISupportedInterfaceOrientations_iPad = "UIInterfaceOrientationPortrait UIInterfaceOrientationPortraitUpsideDown UIInterfaceOrientationLandscapeLeft UIInterfaceOrientationLandscapeRight";
				INFOPLIST_KEY_UISupportedInterfaceOrientations_iPhone = "UIInterfaceOrientationPortrait UIInterfaceOrientationLandscapeLeft UIInterfaceOrientationLandscapeRight";
				IPHONEOS_DEPLOYMENT_TARGET = 16.0;
				LD_RUNPATH_SEARCH_PATHS = (
					"$(inherited)",
					"@executable_path/Frameworks",
				);
				MARKETING_VERSION = 1.0;
				PRODUCT_BUNDLE_IDENTIFIER = com.tarikbozyak.RickAndMortySwiftUI;
				PRODUCT_NAME = "$(TARGET_NAME)";
				SWIFT_EMIT_LOC_STRINGS = YES;
				SWIFT_VERSION = 5.0;
				TARGETED_DEVICE_FAMILY = "1,2";
			};
			name = Debug;
		};
		8A6437EF290D558E004A0DBA /* Release */ = {
			isa = XCBuildConfiguration;
			buildSettings = {
				ASSETCATALOG_COMPILER_APPICON_NAME = AppIcon;
				ASSETCATALOG_COMPILER_GLOBAL_ACCENT_COLOR_NAME = AccentColor;
				CODE_SIGN_STYLE = Automatic;
				CURRENT_PROJECT_VERSION = 1;
				DEVELOPMENT_ASSET_PATHS = "\"RickAndMortySwiftUI/Preview Content\"";
				DEVELOPMENT_TEAM = 3F53E5RFPT;
				ENABLE_PREVIEWS = YES;
				GENERATE_INFOPLIST_FILE = YES;
				INFOPLIST_KEY_UIApplicationSceneManifest_Generation = YES;
				INFOPLIST_KEY_UIApplicationSupportsIndirectInputEvents = YES;
				INFOPLIST_KEY_UILaunchScreen_Generation = YES;
				INFOPLIST_KEY_UISupportedInterfaceOrientations_iPad = "UIInterfaceOrientationPortrait UIInterfaceOrientationPortraitUpsideDown UIInterfaceOrientationLandscapeLeft UIInterfaceOrientationLandscapeRight";
				INFOPLIST_KEY_UISupportedInterfaceOrientations_iPhone = "UIInterfaceOrientationPortrait UIInterfaceOrientationLandscapeLeft UIInterfaceOrientationLandscapeRight";
				IPHONEOS_DEPLOYMENT_TARGET = 16.0;
				LD_RUNPATH_SEARCH_PATHS = (
					"$(inherited)",
					"@executable_path/Frameworks",
				);
				MARKETING_VERSION = 1.0;
				PRODUCT_BUNDLE_IDENTIFIER = com.tarikbozyak.RickAndMortySwiftUI;
				PRODUCT_NAME = "$(TARGET_NAME)";
				SWIFT_EMIT_LOC_STRINGS = YES;
				SWIFT_VERSION = 5.0;
				TARGETED_DEVICE_FAMILY = "1,2";
			};
			name = Release;
		};
/* End XCBuildConfiguration section */

/* Begin XCConfigurationList section */
		8A6437DA290D558D004A0DBA /* Build configuration list for PBXProject "RickAndMortySwiftUI" */ = {
			isa = XCConfigurationList;
			buildConfigurations = (
				8A6437EB290D558E004A0DBA /* Debug */,
				8A6437EC290D558E004A0DBA /* Release */,
			);
			defaultConfigurationIsVisible = 0;
			defaultConfigurationName = Release;
		};
		8A6437ED290D558E004A0DBA /* Build configuration list for PBXNativeTarget "RickAndMortySwiftUI" */ = {
			isa = XCConfigurationList;
			buildConfigurations = (
				8A6437EE290D558E004A0DBA /* Debug */,
				8A6437EF290D558E004A0DBA /* Release */,
			);
			defaultConfigurationIsVisible = 0;
			defaultConfigurationName = Release;
		};
/* End XCConfigurationList section */

/* Begin XCRemoteSwiftPackageReference section */
		8A2B6189291BFB76004C3440 /* XCRemoteSwiftPackageReference "Kingfisher" */ = {
			isa = XCRemoteSwiftPackageReference;
			repositoryURL = "https://github.com/onevcat/Kingfisher";
			requirement = {
				branch = master;
				kind = branch;
			};
		};
/* End XCRemoteSwiftPackageReference section */

/* Begin XCSwiftPackageProductDependency section */
		8A2B618A291BFB76004C3440 /* Kingfisher */ = {
			isa = XCSwiftPackageProductDependency;
			package = 8A2B6189291BFB76004C3440 /* XCRemoteSwiftPackageReference "Kingfisher" */;
			productName = Kingfisher;
		};
/* End XCSwiftPackageProductDependency section */
	};
	rootObject = 8A6437D7290D558D004A0DBA /* Project object */;
}
